// !$*UTF8*$!
{
	archiveVersion = 1;
	classes = {
	};
	objectVersion = 46;
	objects = {

/* Begin PBXBuildFile section */
		60F8C9D61D7190550060874D /* main.m in Sources */ = {isa = PBXBuildFile; fileRef = 60F8C9D51D7190550060874D /* main.m */; };
		60F8C9D91D7190550060874D /* AppDelegate.m in Sources */ = {isa = PBXBuildFile; fileRef = 60F8C9D81D7190550060874D /* AppDelegate.m */; };
		60F8C9DC1D7190550060874D /* ViewController.m in Sources */ = {isa = PBXBuildFile; fileRef = 60F8C9DB1D7190550060874D /* ViewController.m */; };
		60F8C9DF1D7190550060874D /* Main.storyboard in Resources */ = {isa = PBXBuildFile; fileRef = 60F8C9DD1D7190550060874D /* Main.storyboard */; };
		60F8C9E11D7190550060874D /* Assets.xcassets in Resources */ = {isa = PBXBuildFile; fileRef = 60F8C9E01D7190550060874D /* Assets.xcassets */; };
		60F8C9E41D7190550060874D /* LaunchScreen.storyboard in Resources */ = {isa = PBXBuildFile; fileRef = 60F8C9E21D7190550060874D /* LaunchScreen.storyboard */; };
		60F8C9EF1D7190550060874D /* meituanTests.m in Sources */ = {isa = PBXBuildFile; fileRef = 60F8C9EE1D7190550060874D /* meituanTests.m */; };
		60F8C9FA1D7190550060874D /* meituanUITests.m in Sources */ = {isa = PBXBuildFile; fileRef = 60F8C9F91D7190550060874D /* meituanUITests.m */; };
		60F8CA091D7191110060874D /* Dog.m in Sources */ = {isa = PBXBuildFile; fileRef = 60F8CA081D7191110060874D /* Dog.m */; };
/* End PBXBuildFile section */

/* Begin PBXContainerItemProxy section */
		60F8C9EB1D7190550060874D /* PBXContainerItemProxy */ = {
			isa = PBXContainerItemProxy;
			containerPortal = 60F8C9C91D7190550060874D /* Project object */;
			proxyType = 1;
			remoteGlobalIDString = 60F8C9D01D7190550060874D;
			remoteInfo = meituan;
		};
		60F8C9F61D7190550060874D /* PBXContainerItemProxy */ = {
			isa = PBXContainerItemProxy;
			containerPortal = 60F8C9C91D7190550060874D /* Project object */;
			proxyType = 1;
			remoteGlobalIDString = 60F8C9D01D7190550060874D;
			remoteInfo = meituan;
		};
/* End PBXContainerItemProxy section */

/* Begin PBXFileReference section */
		60F8C9D11D7190550060874D /* meituan.app */ = {isa = PBXFileReference; explicitFileType = wrapper.application; includeInIndex = 0; path = meituan.app; sourceTree = BUILT_PRODUCTS_DIR; };
		60F8C9D51D7190550060874D /* main.m */ = {isa = PBXFileReference; lastKnownFileType = sourcecode.c.objc; path = main.m; sourceTree = "<group>"; };
		60F8C9D71D7190550060874D /* AppDelegate.h */ = {isa = PBXFileReference; lastKnownFileType = sourcecode.c.h; path = AppDelegate.h; sourceTree = "<group>"; };
		60F8C9D81D7190550060874D /* AppDelegate.m */ = {isa = PBXFileReference; lastKnownFileType = sourcecode.c.objc; path = AppDelegate.m; sourceTree = "<group>"; };
		60F8C9DA1D7190550060874D /* ViewController.h */ = {isa = PBXFileReference; lastKnownFileType = sourcecode.c.h; path = ViewController.h; sourceTree = "<group>"; };
		60F8C9DB1D7190550060874D /* ViewController.m */ = {isa = PBXFileReference; lastKnownFileType = sourcecode.c.objc; path = ViewController.m; sourceTree = "<group>"; };
		60F8C9DE1D7190550060874D /* Base */ = {isa = PBXFileReference; lastKnownFileType = file.storyboard; name = Base; path = Base.lproj/Main.storyboard; sourceTree = "<group>"; };
		60F8C9E01D7190550060874D /* Assets.xcassets */ = {isa = PBXFileReference; lastKnownFileType = folder.assetcatalog; path = Assets.xcassets; sourceTree = "<group>"; };
		60F8C9E31D7190550060874D /* Base */ = {isa = PBXFileReference; lastKnownFileType = file.storyboard; name = Base; path = Base.lproj/LaunchScreen.storyboard; sourceTree = "<group>"; };
		60F8C9E51D7190550060874D /* Info.plist */ = {isa = PBXFileReference; lastKnownFileType = text.plist.xml; path = Info.plist; sourceTree = "<group>"; };
		60F8C9EA1D7190550060874D /* meituanTests.xctest */ = {isa = PBXFileReference; explicitFileType = wrapper.cfbundle; includeInIndex = 0; path = meituanTests.xctest; sourceTree = BUILT_PRODUCTS_DIR; };
		60F8C9EE1D7190550060874D /* meituanTests.m */ = {isa = PBXFileReference; lastKnownFileType = sourcecode.c.objc; path = meituanTests.m; sourceTree = "<group>"; };
		60F8C9F01D7190550060874D /* Info.plist */ = {isa = PBXFileReference; lastKnownFileType = text.plist.xml; path = Info.plist; sourceTree = "<group>"; };
		60F8C9F51D7190550060874D /* meituanUITests.xctest */ = {isa = PBXFileReference; explicitFileType = wrapper.cfbundle; includeInIndex = 0; path = meituanUITests.xctest; sourceTree = BUILT_PRODUCTS_DIR; };
		60F8C9F91D7190550060874D /* meituanUITests.m */ = {isa = PBXFileReference; lastKnownFileType = sourcecode.c.objc; path = meituanUITests.m; sourceTree = "<group>"; };
		60F8C9FB1D7190550060874D /* Info.plist */ = {isa = PBXFileReference; lastKnownFileType = text.plist.xml; path = Info.plist; sourceTree = "<group>"; };
		60F8CA071D7191110060874D /* Dog.h */ = {isa = PBXFileReference; fileEncoding = 4; lastKnownFileType = sourcecode.c.h; path = Dog.h; sourceTree = "<group>"; };
		60F8CA081D7191110060874D /* Dog.m */ = {isa = PBXFileReference; fileEncoding = 4; lastKnownFileType = sourcecode.c.objc; path = Dog.m; sourceTree = "<group>"; };
/* End PBXFileReference section */

/* Begin PBXFrameworksBuildPhase section */
		60F8C9CE1D7190550060874D /* Frameworks */ = {
			isa = PBXFrameworksBuildPhase;
			buildActionMask = 2147483647;
			files = (
			);
			runOnlyForDeploymentPostprocessing = 0;
		};
		60F8C9E71D7190550060874D /* Frameworks */ = {
			isa = PBXFrameworksBuildPhase;
			buildActionMask = 2147483647;
			files = (
			);
			runOnlyForDeploymentPostprocessing = 0;
		};
		60F8C9F21D7190550060874D /* Frameworks */ = {
			isa = PBXFrameworksBuildPhase;
			buildActionMask = 2147483647;
			files = (
			);
			runOnlyForDeploymentPostprocessing = 0;
		};
/* End PBXFrameworksBuildPhase section */

/* Begin PBXGroup section */
		60F8C9C81D7190550060874D = {
			isa = PBXGroup;
			children = (
				60F8C9D31D7190550060874D /* meituan */,
				60F8C9ED1D7190550060874D /* meituanTests */,
				60F8C9F81D7190550060874D /* meituanUITests */,
				60F8C9D21D7190550060874D /* Products */,
			);
			sourceTree = "<group>";
		};
		60F8C9D21D7190550060874D /* Products */ = {
			isa = PBXGroup;
			children = (
				60F8C9D11D7190550060874D /* meituan.app */,
				60F8C9EA1D7190550060874D /* meituanTests.xctest */,
				60F8C9F51D7190550060874D /* meituanUITests.xctest */,
			);
			name = Products;
			sourceTree = "<group>";
		};
		60F8C9D31D7190550060874D /* meituan */ = {
			isa = PBXGroup;
			children = (
				60F8C9D71D7190550060874D /* AppDelegate.h */,
				60F8C9D81D7190550060874D /* AppDelegate.m */,
				60F8C9DA1D7190550060874D /* ViewController.h */,
				60F8C9DB1D7190550060874D /* ViewController.m */,
				60F8CA071D7191110060874D /* Dog.h */,
				60F8CA081D7191110060874D /* Dog.m */,
				60F8C9DD1D7190550060874D /* Main.storyboard */,
				60F8C9E01D7190550060874D /* Assets.xcassets */,
				60F8C9E21D7190550060874D /* LaunchScreen.storyboard */,
				60F8C9E51D7190550060874D /* Info.plist */,
				60F8C9D41D7190550060874D /* Supporting Files */,
			);
			path = meituan;
			sourceTree = "<group>";
		};
		60F8C9D41D7190550060874D /* Supporting Files */ = {
			isa = PBXGroup;
			children = (
				60F8C9D51D7190550060874D /* main.m */,
			);
			name = "Supporting Files";
			sourceTree = "<group>";
		};
		60F8C9ED1D7190550060874D /* meituanTests */ = {
			isa = PBXGroup;
			children = (
				60F8C9EE1D7190550060874D /* meituanTests.m */,
				60F8C9F01D7190550060874D /* Info.plist */,
			);
			path = meituanTests;
			sourceTree = "<group>";
		};
		60F8C9F81D7190550060874D /* meituanUITests */ = {
			isa = PBXGroup;
			children = (
				60F8C9F91D7190550060874D /* meituanUITests.m */,
				60F8C9FB1D7190550060874D /* Info.plist */,
			);
			path = meituanUITests;
			sourceTree = "<group>";
		};
/* End PBXGroup section */

/* Begin PBXNativeTarget section */
		60F8C9D01D7190550060874D /* meituan */ = {
			isa = PBXNativeTarget;
			buildConfigurationList = 60F8C9FE1D7190550060874D /* Build configuration list for PBXNativeTarget "meituan" */;
			buildPhases = (
				60F8C9CD1D7190550060874D /* Sources */,
				60F8C9CE1D7190550060874D /* Frameworks */,
				60F8C9CF1D7190550060874D /* Resources */,
			);
			buildRules = (
			);
			dependencies = (
			);
			name = meituan;
			productName = meituan;
			productReference = 60F8C9D11D7190550060874D /* meituan.app */;
			productType = "com.apple.product-type.application";
		};
		60F8C9E91D7190550060874D /* meituanTests */ = {
			isa = PBXNativeTarget;
			buildConfigurationList = 60F8CA011D7190550060874D /* Build configuration list for PBXNativeTarget "meituanTests" */;
			buildPhases = (
				60F8C9E61D7190550060874D /* Sources */,
				60F8C9E71D7190550060874D /* Frameworks */,
				60F8C9E81D7190550060874D /* Resources */,
			);
			buildRules = (
			);
			dependencies = (
				60F8C9EC1D7190550060874D /* PBXTargetDependency */,
			);
			name = meituanTests;
			productName = meituanTests;
			productReference = 60F8C9EA1D7190550060874D /* meituanTests.xctest */;
			productType = "com.apple.product-type.bundle.unit-test";
		};
		60F8C9F41D7190550060874D /* meituanUITests */ = {
			isa = PBXNativeTarget;
			buildConfigurationList = 60F8CA041D7190550060874D /* Build configuration list for PBXNativeTarget "meituanUITests" */;
			buildPhases = (
				60F8C9F11D7190550060874D /* Sources */,
				60F8C9F21D7190550060874D /* Frameworks */,
				60F8C9F31D7190550060874D /* Resources */,
			);
			buildRules = (
			);
			dependencies = (
				60F8C9F71D7190550060874D /* PBXTargetDependency */,
			);
			name = meituanUITests;
			productName = meituanUITests;
			productReference = 60F8C9F51D7190550060874D /* meituanUITests.xctest */;
			productType = "com.apple.product-type.bundle.ui-testing";
		};
/* End PBXNativeTarget section */

/* Begin PBXProject section */
		60F8C9C91D7190550060874D /* Project object */ = {
			isa = PBXProject;
			attributes = {
				LastUpgradeCheck = 0730;
				ORGANIZATIONNAME = hansen;
				TargetAttributes = {
					60F8C9D01D7190550060874D = {
						CreatedOnToolsVersion = 7.3.1;
					};
					60F8C9E91D7190550060874D = {
						CreatedOnToolsVersion = 7.3.1;
						TestTargetID = 60F8C9D01D7190550060874D;
					};
					60F8C9F41D7190550060874D = {
						CreatedOnToolsVersion = 7.3.1;
						TestTargetID = 60F8C9D01D7190550060874D;
					};
				};
			};
			buildConfigurationList = 60F8C9CC1D7190550060874D /* Build configuration list for PBXProject "meituan" */;
			compatibilityVersion = "Xcode 3.2";
			developmentRegion = English;
			hasScannedForEncodings = 0;
			knownRegions = (
				en,
				Base,
			);
			mainGroup = 60F8C9C81D7190550060874D;
			productRefGroup = 60F8C9D21D7190550060874D /* Products */;
			projectDirPath = "";
			projectRoot = "";
			targets = (
				60F8C9D01D7190550060874D /* meituan */,
				60F8C9E91D7190550060874D /* meituanTests */,
				60F8C9F41D7190550060874D /* meituanUITests */,
			);
		};
/* End PBXProject section */

/* Begin PBXResourcesBuildPhase section */
		60F8C9CF1D7190550060874D /* Resources */ = {
			isa = PBXResourcesBuildPhase;
			buildActionMask = 2147483647;
			files = (
				60F8C9E41D7190550060874D /* LaunchScreen.storyboard in Resources */,
				60F8C9E11D7190550060874D /* Assets.xcassets in Resources */,
				60F8C9DF1D7190550060874D /* Main.storyboard in Resources */,
			);
			runOnlyForDeploymentPostprocessing = 0;
		};
		60F8C9E81D7190550060874D /* Resources */ = {
			isa = PBXResourcesBuildPhase;
			buildActionMask = 2147483647;
			files = (
			);
			runOnlyForDeploymentPostprocessing = 0;
		};
		60F8C9F31D7190550060874D /* Resources */ = {
			isa = PBXResourcesBuildPhase;
			buildActionMask = 2147483647;
			files = (
			);
			runOnlyForDeploymentPostprocessing = 0;
		};
/* End PBXResourcesBuildPhase section */

/* Begin PBXSourcesBuildPhase section */
		60F8C9CD1D7190550060874D /* Sources */ = {
			isa = PBXSourcesBuildPhase;
			buildActionMask = 2147483647;
			files = (
				60F8C9DC1D7190550060874D /* ViewController.m in Sources */,
				60F8C9D91D7190550060874D /* AppDelegate.m in Sources */,
				60F8CA091D7191110060874D /* Dog.m in Sources */,
				60F8C9D61D7190550060874D /* main.m in Sources */,
			);
			runOnlyForDeploymentPostprocessing = 0;
		};
		60F8C9E61D7190550060874D /* Sources */ = {
			isa = PBXSourcesBuildPhase;
			buildActionMask = 2147483647;
			files = (
				60F8C9EF1D7190550060874D /* meituanTests.m in Sources */,
			);
			runOnlyForDeploymentPostprocessing = 0;
		};
		60F8C9F11D7190550060874D /* Sources */ = {
			isa = PBXSourcesBuildPhase;
			buildActionMask = 2147483647;
			files = (
				60F8C9FA1D7190550060874D /* meituanUITests.m in Sources */,
			);
			runOnlyForDeploymentPostprocessing = 0;
		};
/* End PBXSourcesBuildPhase section */

/* Begin PBXTargetDependency section */
		60F8C9EC1D7190550060874D /* PBXTargetDependency */ = {
			isa = PBXTargetDependency;
			target = 60F8C9D01D7190550060874D /* meituan */;
			targetProxy = 60F8C9EB1D7190550060874D /* PBXContainerItemProxy */;
		};
		60F8C9F71D7190550060874D /* PBXTargetDependency */ = {
			isa = PBXTargetDependency;
			target = 60F8C9D01D7190550060874D /* meituan */;
			targetProxy = 60F8C9F61D7190550060874D /* PBXContainerItemProxy */;
		};
/* End PBXTargetDependency section */

/* Begin PBXVariantGroup section */
		60F8C9DD1D7190550060874D /* Main.storyboard */ = {
			isa = PBXVariantGroup;
			children = (
				60F8C9DE1D7190550060874D /* Base */,
			);
			name = Main.storyboard;
			sourceTree = "<group>";
		};
		60F8C9E21D7190550060874D /* LaunchScreen.storyboard */ = {
			isa = PBXVariantGroup;
			children = (
				60F8C9E31D7190550060874D /* Base */,
			);
			name = LaunchScreen.storyboard;
			sourceTree = "<group>";
		};
/* End PBXVariantGroup section */

/* Begin XCBuildConfiguration section */
		60F8C9FC1D7190550060874D /* Debug */ = {
			isa = XCBuildConfiguration;
			buildSettings = {
				ALWAYS_SEARCH_USER_PATHS = NO;
				CLANG_ANALYZER_NONNULL = YES;
				CLANG_CXX_LANGUAGE_STANDARD = "gnu++0x";
				CLANG_CXX_LIBRARY = "libc++";
				CLANG_ENABLE_MODULES = YES;
				CLANG_ENABLE_OBJC_ARC = YES;
				CLANG_WARN_BOOL_CONVERSION = YES;
				CLANG_WARN_CONSTANT_CONVERSION = YES;
				CLANG_WARN_DIRECT_OBJC_ISA_USAGE = YES_ERROR;
				CLANG_WARN_EMPTY_BODY = YES;
				CLANG_WARN_ENUM_CONVERSION = YES;
				CLANG_WARN_INT_CONVERSION = YES;
				CLANG_WARN_OBJC_ROOT_CLASS = YES_ERROR;
				CLANG_WARN_UNREACHABLE_CODE = YES;
				CLANG_WARN__DUPLICATE_METHOD_MATCH = YES;
				"CODE_SIGN_IDENTITY[sdk=iphoneos*]" = "iPhone Developer";
				COPY_PHASE_STRIP = NO;
				DEBUG_INFORMATION_FORMAT = dwarf;
				ENABLE_STRICT_OBJC_MSGSEND = YES;
				ENABLE_TESTABILITY = YES;
				GCC_C_LANGUAGE_STANDARD = gnu99;
				GCC_DYNAMIC_NO_PIC = NO;
				GCC_NO_COMMON_BLOCKS = YES;
				GCC_OPTIMIZATION_LEVEL = 0;
				GCC_PREPROCESSOR_DEFINITIONS = (
					"DEBUG=1",
					"$(inherited)",
				);
				GCC_WARN_64_TO_32_BIT_CONVERSION = YES;
				GCC_WARN_ABOUT_RETURN_TYPE = YES_ERROR;
				GCC_WARN_UNDECLARED_SELECTOR = YES;
				GCC_WARN_UNINITIALIZED_AUTOS = YES_AGGRESSIVE;
				GCC_WARN_UNUSED_FUNCTION = YES;
				GCC_WARN_UNUSED_VARIABLE = YES;
				IPHONEOS_DEPLOYMENT_TARGET = 9.3;
				MTL_ENABLE_DEBUG_INFO = YES;
				ONLY_ACTIVE_ARCH = YES;
				SDKROOT = iphoneos;
				TARGETED_DEVICE_FAMILY = "1,2";
			};
			name = Debug;
		};
		60F8C9FD1D7190550060874D /* Release */ = {
			isa = XCBuildConfiguration;
			buildSettings = {
				ALWAYS_SEARCH_USER_PATHS = NO;
				CLANG_ANALYZER_NONNULL = YES;
				CLANG_CXX_LANGUAGE_STANDARD = "gnu++0x";
				CLANG_CXX_LIBRARY = "libc++";
				CLANG_ENABLE_MODULES = YES;
				CLANG_ENABLE_OBJC_ARC = YES;
				CLANG_WARN_BOOL_CONVERSION = YES;
				CLANG_WARN_CONSTANT_CONVERSION = YES;
				CLANG_WARN_DIRECT_OBJC_ISA_USAGE = YES_ERROR;
				CLANG_WARN_EMPTY_BODY = YES;
				CLANG_WARN_ENUM_CONVERSION = YES;
				CLANG_WARN_INT_CONVERSION = YES;
				CLANG_WARN_OBJC_ROOT_CLASS = YES_ERROR;
				CLANG_WARN_UNREACHABLE_CODE = YES;
				CLANG_WARN__DUPLICATE_METHOD_MATCH = YES;
				"CODE_SIGN_IDENTITY[sdk=iphoneos*]" = "iPhone Developer";
				COPY_PHASE_STRIP = NO;
				DEBUG_INFORMATION_FORMAT = "dwarf-with-dsym";
				ENABLE_NS_ASSERTIONS = NO;
				ENABLE_STRICT_OBJC_MSGSEND = YES;
				GCC_C_LANGUAGE_STANDARD = gnu99;
				GCC_NO_COMMON_BLOCKS = YES;
				GCC_WARN_64_TO_32_BIT_CONVERSION = YES;
				GCC_WARN_ABOUT_RETURN_TYPE = YES_ERROR;
				GCC_WARN_UNDECLARED_SELECTOR = YES;
				GCC_WARN_UNINITIALIZED_AUTOS = YES_AGGRESSIVE;
				GCC_WARN_UNUSED_FUNCTION = YES;
				GCC_WARN_UNUSED_VARIABLE = YES;
				IPHONEOS_DEPLOYMENT_TARGET = 9.3;
				MTL_ENABLE_DEBUG_INFO = NO;
				SDKROOT = iphoneos;
				TARGETED_DEVICE_FAMILY = "1,2";
				VALIDATE_PRODUCT = YES;
			};
			name = Release;
		};
		60F8C9FF1D7190550060874D /* Debug */ = {
			isa = XCBuildConfiguration;
			buildSettings = {
				ASSETCATALOG_COMPILER_APPICON_NAME = AppIcon;
				INFOPLIST_FILE = meituan/Info.plist;
				LD_RUNPATH_SEARCH_PATHS = "$(inherited) @executable_path/Frameworks";
				PRODUCT_BUNDLE_IDENTIFIER = HY.meituan;
				PRODUCT_NAME = "$(TARGET_NAME)";
			};
			name = Debug;
		};
		60F8CA001D7190550060874D /* Release */ = {
			isa = XCBuildConfiguration;
			buildSettings = {
				ASSETCATALOG_COMPILER_APPICON_NAME = AppIcon;
				INFOPLIST_FILE = meituan/Info.plist;
				LD_RUNPATH_SEARCH_PATHS = "$(inherited) @executable_path/Frameworks";
				PRODUCT_BUNDLE_IDENTIFIER = HY.meituan;
				PRODUCT_NAME = "$(TARGET_NAME)";
			};
			name = Release;
		};
		60F8CA021D7190550060874D /* Debug */ = {
			isa = XCBuildConfiguration;
			buildSettings = {
				BUNDLE_LOADER = "$(TEST_HOST)";
				INFOPLIST_FILE = meituanTests/Info.plist;
				LD_RUNPATH_SEARCH_PATHS = "$(inherited) @executable_path/Frameworks @loader_path/Frameworks";
				PRODUCT_BUNDLE_IDENTIFIER = HY.meituanTests;
				PRODUCT_NAME = "$(TARGET_NAME)";
				TEST_HOST = "$(BUILT_PRODUCTS_DIR)/meituan.app/meituan";
			};
			name = Debug;
		};
		60F8CA031D7190550060874D /* Release */ = {
			isa = XCBuildConfiguration;
			buildSettings = {
				BUNDLE_LOADER = "$(TEST_HOST)";
				INFOPLIST_FILE = meituanTests/Info.plist;
				LD_RUNPATH_SEARCH_PATHS = "$(inherited) @executable_path/Frameworks @loader_path/Frameworks";
				PRODUCT_BUNDLE_IDENTIFIER = HY.meituanTests;
				PRODUCT_NAME = "$(TARGET_NAME)";
				TEST_HOST = "$(BUILT_PRODUCTS_DIR)/meituan.app/meituan";
			};
			name = Release;
		};
		60F8CA051D7190550060874D /* Debug */ = {
			isa = XCBuildConfiguration;
			buildSettings = {
				INFOPLIST_FILE = meituanUITests/Info.plist;
				LD_RUNPATH_SEARCH_PATHS = "$(inherited) @executable_path/Frameworks @loader_path/Frameworks";
				PRODUCT_BUNDLE_IDENTIFIER = HY.meituanUITests;
				PRODUCT_NAME = "$(TARGET_NAME)";
				TEST_TARGET_NAME = meituan;
			};
			name = Debug;
		};
		60F8CA061D7190550060874D /* Release */ = {
			isa = XCBuildConfiguration;
			buildSettings = {
				INFOPLIST_FILE = meituanUITests/Info.plist;
				LD_RUNPATH_SEARCH_PATHS = "$(inherited) @executable_path/Frameworks @loader_path/Frameworks";
				PRODUCT_BUNDLE_IDENTIFIER = HY.meituanUITests;
				PRODUCT_NAME = "$(TARGET_NAME)";
				TEST_TARGET_NAME = meituan;
			};
			name = Release;
		};
/* End XCBuildConfiguration section */

/* Begin XCConfigurationList section */
		60F8C9CC1D7190550060874D /* Build configuration list for PBXProject "meituan" */ = {
			isa = XCConfigurationList;
			buildConfigurations = (
				60F8C9FC1D7190550060874D /* Debug */,
				60F8C9FD1D7190550060874D /* Release */,
			);
			defaultConfigurationIsVisible = 0;
			defaultConfigurationName = Release;
		};
		60F8C9FE1D7190550060874D /* Build configuration list for PBXNativeTarget "meituan" */ = {
			isa = XCConfigurationList;
			buildConfigurations = (
				60F8C9FF1D7190550060874D /* Debug */,
				60F8CA001D7190550060874D /* Release */,
			);
			defaultConfigurationIsVisible = 0;
		};
		60F8CA011D7190550060874D /* Build configuration list for PBXNativeTarget "meituanTests" */ = {
			isa = XCConfigurationList;
			buildConfigurations = (
				60F8CA021D7190550060874D /* Debug */,
				60F8CA031D7190550060874D /* Release */,
			);
			defaultConfigurationIsVisible = 0;
		};
		60F8CA041D7190550060874D /* Build configuration list for PBXNativeTarget "meituanUITests" */ = {
			isa = XCConfigurationList;
			buildConfigurations = (
				60F8CA051D7190550060874D /* Debug */,
				60F8CA061D7190550060874D /* Release */,
			);
			defaultConfigurationIsVisible = 0;
		};
/* End XCConfigurationList section */
	};
	rootObject = 60F8C9C91D7190550060874D /* Project object */;
}
